
Microsoft Visual Studio Solution File, Format Version 12.00
# Visual Studio Version 17
VisualStudioVersion = 17.4.33103.184
MinimumVisualStudioVersion = 10.0.40219.1
Project("{9A19103F-16F7-4668-BE54-9A1E7A4F7556}") = "KnowledgeSpace.BackendServer", "src\KnowledgeSpace.BackendServer\KnowledgeSpace.BackendServer.csproj", "{E049C850-484D-4BB1-8B3F-1FA991574519}"
EndProject
Project("{9A19103F-16F7-4668-BE54-9A1E7A4F7556}") = "KnowledgeSpace.WebPortal", "src\KnowledgeSpace.WebPortial\KnowledgeSpace.WebPortal.csproj", "{12C0D457-02B9-4E38-A427-64EA72CE7678}"
EndProject
Project("{9A19103F-16F7-4668-BE54-9A1E7A4F7556}") = "KnowledgeSpace.Model", "src\KnowledgeSpace.Model\KnowledgeSpace.Model.csproj", "{826C48C6-0A9F-4EE8-A1C7-7BAFDCD3C185}"
EndProject
Project("{9A19103F-16F7-4668-BE54-9A1E7A4F7556}") = "KnowledgeSpace.BackendServer.UnitTest", "test\KnowledgeSpace.BackendServer.UnitTest\KnowledgeSpace.BackendServer.UnitTest.csproj", "{271BEDCD-67C7-48F8-886C-89645C8AE2E9}"
EndProject
Project("{FAE04EC0-301F-11D3-BF4B-00C04F79EFBC}") = "KnowledgeSpace.Model.UnitTest", "test\KnowledgeSpace.Model.UnitTest\KnowledgeSpace.Model.UnitTest.csproj", "{A72221A1-49CA-497F-975A-8AB0F6415476}"
EndProject
Global
	GlobalSection(SolutionConfigurationPlatforms) = preSolution
		Debug|Any CPU = Debug|Any CPU
		Release|Any CPU = Release|Any CPU
	EndGlobalSection
	GlobalSection(ProjectConfigurationPlatforms) = postSolution
		{E049C850-484D-4BB1-8B3F-1FA991574519}.Debug|Any CPU.ActiveCfg = Debug|Any CPU
		{E049C850-484D-4BB1-8B3F-1FA991574519}.Debug|Any CPU.Build.0 = Debug|Any CPU
		{E049C850-484D-4BB1-8B3F-1FA991574519}.Release|Any CPU.ActiveCfg = Release|Any CPU
		{E049C850-484D-4BB1-8B3F-1FA991574519}.Release|Any CPU.Build.0 = Release|Any CPU
		{12C0D457-02B9-4E38-A427-64EA72CE7678}.Debug|Any CPU.ActiveCfg = Debug|Any CPU
		{12C0D457-02B9-4E38-A427-64EA72CE7678}.Debug|Any CPU.Build.0 = Debug|Any CPU
		{12C0D457-02B9-4E38-A427-64EA72CE7678}.Release|Any CPU.ActiveCfg = Release|Any CPU
		{12C0D457-02B9-4E38-A427-64EA72CE7678}.Release|Any CPU.Build.0 = Release|Any CPU
		{826C48C6-0A9F-4EE8-A1C7-7BAFDCD3C185}.Debug|Any CPU.ActiveCfg = Debug|Any CPU
		{826C48C6-0A9F-4EE8-A1C7-7BAFDCD3C185}.Debug|Any CPU.Build.0 = Debug|Any CPU
		{826C48C6-0A9F-4EE8-A1C7-7BAFDCD3C185}.Release|Any CPU.ActiveCfg = Release|Any CPU
		{826C48C6-0A9F-4EE8-A1C7-7BAFDCD3C185}.Release|Any CPU.Build.0 = Release|Any CPU
		{271BEDCD-67C7-48F8-886C-89645C8AE2E9}.Debug|Any CPU.ActiveCfg = Debug|Any CPU
		{271BEDCD-67C7-48F8-886C-89645C8AE2E9}.Debug|Any CPU.Build.0 = Debug|Any CPU
		{271BEDCD-67C7-48F8-886C-89645C8AE2E9}.Release|Any CPU.ActiveCfg = Release|Any CPU
		{271BEDCD-67C7-48F8-886C-89645C8AE2E9}.Release|Any CPU.Build.0 = Release|Any CPU
		{A72221A1-49CA-497F-975A-8AB0F6415476}.Debug|Any CPU.ActiveCfg = Debug|Any CPU
		{A72221A1-49CA-497F-975A-8AB0F6415476}.Debug|Any CPU.Build.0 = Debug|Any CPU
		{A72221A1-49CA-497F-975A-8AB0F6415476}.Release|Any CPU.ActiveCfg = Release|Any CPU
		{A72221A1-49CA-497F-975A-8AB0F6415476}.Release|Any CPU.Build.0 = Release|Any CPU
	EndGlobalSection
	GlobalSection(SolutionProperties) = preSolution
		HideSolutionNode = FALSE
	EndGlobalSection
	GlobalSection(ExtensibilityGlobals) = postSolution
		SolutionGuid = {BF3BDD2C-BE9B-4C12-AE9A-F54226034BE8}
	EndGlobalSection
EndGlobal
